// !$*UTF8*$!
{
	archiveVersion = 1;
	classes = {
	};
	objectVersion = 55;
	objects = {

/* Begin PBXBuildFile section */
		15FB72953F712C7EEA1C95EB /* Pods_Unit1_Lecture_DemoTests.framework in Frameworks */ = {isa = PBXBuildFile; fileRef = A2623F078ABC2C7382A4757A /* Pods_Unit1_Lecture_DemoTests.framework */; };
		18A124E27138DBA3A524A780 /* Pods_Unit1_Lecture_Demo.framework in Frameworks */ = {isa = PBXBuildFile; fileRef = 63543A26807C334E301DB16E /* Pods_Unit1_Lecture_Demo.framework */; };
		2C3DA80028D15B5700BDD460 /* DetailViewController.swift in Sources */ = {isa = PBXBuildFile; fileRef = 2C3DA7FF28D15B5700BDD460 /* DetailViewController.swift */; };
		2C4E863228C7BBB5003179A0 /* AppDelegate.swift in Sources */ = {isa = PBXBuildFile; fileRef = 2C4E863128C7BBB5003179A0 /* AppDelegate.swift */; };
		2C4E863428C7BBB5003179A0 /* SceneDelegate.swift in Sources */ = {isa = PBXBuildFile; fileRef = 2C4E863328C7BBB5003179A0 /* SceneDelegate.swift */; };
		2C4E863628C7BBB5003179A0 /* ViewController.swift in Sources */ = {isa = PBXBuildFile; fileRef = 2C4E863528C7BBB5003179A0 /* ViewController.swift */; };
		2C4E863928C7BBB5003179A0 /* Main.storyboard in Resources */ = {isa = PBXBuildFile; fileRef = 2C4E863728C7BBB5003179A0 /* Main.storyboard */; };
		2C4E863B28C7BBB8003179A0 /* Assets.xcassets in Resources */ = {isa = PBXBuildFile; fileRef = 2C4E863A28C7BBB8003179A0 /* Assets.xcassets */; };
		2C4E863E28C7BBB8003179A0 /* LaunchScreen.storyboard in Resources */ = {isa = PBXBuildFile; fileRef = 2C4E863C28C7BBB8003179A0 /* LaunchScreen.storyboard */; };
		2C4E864928C7BBB8003179A0 /* Unit1_Lecture_DemoTests.swift in Sources */ = {isa = PBXBuildFile; fileRef = 2C4E864828C7BBB8003179A0 /* Unit1_Lecture_DemoTests.swift */; };
		2C4E865328C7BBB8003179A0 /* Unit1_Lecture_DemoUITests.swift in Sources */ = {isa = PBXBuildFile; fileRef = 2C4E865228C7BBB8003179A0 /* Unit1_Lecture_DemoUITests.swift */; };
		2C4E865528C7BBB8003179A0 /* Unit1_Lecture_DemoUITestsLaunchTests.swift in Sources */ = {isa = PBXBuildFile; fileRef = 2C4E865428C7BBB8003179A0 /* Unit1_Lecture_DemoUITestsLaunchTests.swift */; };
		2C4E866328C7C845003179A0 /* MovieCell.swift in Sources */ = {isa = PBXBuildFile; fileRef = 2C4E866228C7C845003179A0 /* MovieCell.swift */; };
		2C4E866828C7EEBD003179A0 /* MovieService.swift in Sources */ = {isa = PBXBuildFile; fileRef = 2C4E866728C7EEBD003179A0 /* MovieService.swift */; };
		2C4E866A28C7F22D003179A0 /* Movie.swift in Sources */ = {isa = PBXBuildFile; fileRef = 2C4E866928C7F22D003179A0 /* Movie.swift */; };
		7DD3FAE5C34914DD2E47409F /* Pods_Unit1_Lecture_Demo_Unit1_Lecture_DemoUITests.framework in Frameworks */ = {isa = PBXBuildFile; fileRef = 1CDC3C5CED483E20A6C5DA37 /* Pods_Unit1_Lecture_Demo_Unit1_Lecture_DemoUITests.framework */; };
/* End PBXBuildFile section */

/* Begin PBXContainerItemProxy section */
		2C4E864528C7BBB8003179A0 /* PBXContainerItemProxy */ = {
			isa = PBXContainerItemProxy;
			containerPortal = 2C4E862628C7BBB5003179A0 /* Project object */;
			proxyType = 1;
			remoteGlobalIDString = 2C4E862D28C7BBB5003179A0;
			remoteInfo = Unit1_Lecture_Demo;
		};
		2C4E864F28C7BBB8003179A0 /* PBXContainerItemProxy */ = {
			isa = PBXContainerItemProxy;
			containerPortal = 2C4E862628C7BBB5003179A0 /* Project object */;
			proxyType = 1;
			remoteGlobalIDString = 2C4E862D28C7BBB5003179A0;
			remoteInfo = Unit1_Lecture_Demo;
		};
/* End PBXContainerItemProxy section */

/* Begin PBXFileReference section */
		07BA5B81376BA91ACE2776CC /* Pods-Unit1_Lecture_Demo-Unit1_Lecture_DemoUITests.release.xcconfig */ = {isa = PBXFileReference; includeInIndex = 1; lastKnownFileType = text.xcconfig; name = "Pods-Unit1_Lecture_Demo-Unit1_Lecture_DemoUITests.release.xcconfig"; path = "Target Support Files/Pods-Unit1_Lecture_Demo-Unit1_Lecture_DemoUITests/Pods-Unit1_Lecture_Demo-Unit1_Lecture_DemoUITests.release.xcconfig"; sourceTree = "<group>"; };
		18EAC25AF0F9BC7E012BC65C /* Pods-Unit1_Lecture_Demo.debug.xcconfig */ = {isa = PBXFileReference; includeInIndex = 1; lastKnownFileType = text.xcconfig; name = "Pods-Unit1_Lecture_Demo.debug.xcconfig"; path = "Target Support Files/Pods-Unit1_Lecture_Demo/Pods-Unit1_Lecture_Demo.debug.xcconfig"; sourceTree = "<group>"; };
		1CDC3C5CED483E20A6C5DA37 /* Pods_Unit1_Lecture_Demo_Unit1_Lecture_DemoUITests.framework */ = {isa = PBXFileReference; explicitFileType = wrapper.framework; includeInIndex = 0; path = Pods_Unit1_Lecture_Demo_Unit1_Lecture_DemoUITests.framework; sourceTree = BUILT_PRODUCTS_DIR; };
		2C3DA7FF28D15B5700BDD460 /* DetailViewController.swift */ = {isa = PBXFileReference; lastKnownFileType = sourcecode.swift; path = DetailViewController.swift; sourceTree = "<group>"; };
		2C4E862E28C7BBB5003179A0 /* Unit1_Lecture_Demo.app */ = {isa = PBXFileReference; explicitFileType = wrapper.application; includeInIndex = 0; path = Unit1_Lecture_Demo.app; sourceTree = BUILT_PRODUCTS_DIR; };
		2C4E863128C7BBB5003179A0 /* AppDelegate.swift */ = {isa = PBXFileReference; lastKnownFileType = sourcecode.swift; path = AppDelegate.swift; sourceTree = "<group>"; };
		2C4E863328C7BBB5003179A0 /* SceneDelegate.swift */ = {isa = PBXFileReference; lastKnownFileType = sourcecode.swift; path = SceneDelegate.swift; sourceTree = "<group>"; };
		2C4E863528C7BBB5003179A0 /* ViewController.swift */ = {isa = PBXFileReference; lastKnownFileType = sourcecode.swift; path = ViewController.swift; sourceTree = "<group>"; };
		2C4E863828C7BBB5003179A0 /* Base */ = {isa = PBXFileReference; lastKnownFileType = file.storyboard; name = Base; path = Base.lproj/Main.storyboard; sourceTree = "<group>"; };
		2C4E863A28C7BBB8003179A0 /* Assets.xcassets */ = {isa = PBXFileReference; lastKnownFileType = folder.assetcatalog; path = Assets.xcassets; sourceTree = "<group>"; };
		2C4E863D28C7BBB8003179A0 /* Base */ = {isa = PBXFileReference; lastKnownFileType = file.storyboard; name = Base; path = Base.lproj/LaunchScreen.storyboard; sourceTree = "<group>"; };
		2C4E863F28C7BBB8003179A0 /* Info.plist */ = {isa = PBXFileReference; lastKnownFileType = text.plist.xml; path = Info.plist; sourceTree = "<group>"; };
		2C4E864428C7BBB8003179A0 /* Unit1_Lecture_DemoTests.xctest */ = {isa = PBXFileReference; explicitFileType = wrapper.cfbundle; includeInIndex = 0; path = Unit1_Lecture_DemoTests.xctest; sourceTree = BUILT_PRODUCTS_DIR; };
		2C4E864828C7BBB8003179A0 /* Unit1_Lecture_DemoTests.swift */ = {isa = PBXFileReference; lastKnownFileType = sourcecode.swift; path = Unit1_Lecture_DemoTests.swift; sourceTree = "<group>"; };
		2C4E864E28C7BBB8003179A0 /* Unit1_Lecture_DemoUITests.xctest */ = {isa = PBXFileReference; explicitFileType = wrapper.cfbundle; includeInIndex = 0; path = Unit1_Lecture_DemoUITests.xctest; sourceTree = BUILT_PRODUCTS_DIR; };
		2C4E865228C7BBB8003179A0 /* Unit1_Lecture_DemoUITests.swift */ = {isa = PBXFileReference; lastKnownFileType = sourcecode.swift; path = Unit1_Lecture_DemoUITests.swift; sourceTree = "<group>"; };
		2C4E865428C7BBB8003179A0 /* Unit1_Lecture_DemoUITestsLaunchTests.swift */ = {isa = PBXFileReference; lastKnownFileType = sourcecode.swift; path = Unit1_Lecture_DemoUITestsLaunchTests.swift; sourceTree = "<group>"; };
		2C4E866228C7C845003179A0 /* MovieCell.swift */ = {isa = PBXFileReference; lastKnownFileType = sourcecode.swift; path = MovieCell.swift; sourceTree = "<group>"; };
		2C4E866728C7EEBD003179A0 /* MovieService.swift */ = {isa = PBXFileReference; lastKnownFileType = sourcecode.swift; path = MovieService.swift; sourceTree = "<group>"; };
		2C4E866928C7F22D003179A0 /* Movie.swift */ = {isa = PBXFileReference; lastKnownFileType = sourcecode.swift; path = Movie.swift; sourceTree = "<group>"; };
		2EC1BA82919ED6E0C4207EEA /* Pods-Unit1_Lecture_Demo.release.xcconfig */ = {isa = PBXFileReference; includeInIndex = 1; lastKnownFileType = text.xcconfig; name = "Pods-Unit1_Lecture_Demo.release.xcconfig"; path = "Target Support Files/Pods-Unit1_Lecture_Demo/Pods-Unit1_Lecture_Demo.release.xcconfig"; sourceTree = "<group>"; };
		63543A26807C334E301DB16E /* Pods_Unit1_Lecture_Demo.framework */ = {isa = PBXFileReference; explicitFileType = wrapper.framework; includeInIndex = 0; path = Pods_Unit1_Lecture_Demo.framework; sourceTree = BUILT_PRODUCTS_DIR; };
		835C0DD680492A68E31ACEF7 /* Pods-Unit1_Lecture_Demo-Unit1_Lecture_DemoUITests.debug.xcconfig */ = {isa = PBXFileReference; includeInIndex = 1; lastKnownFileType = text.xcconfig; name = "Pods-Unit1_Lecture_Demo-Unit1_Lecture_DemoUITests.debug.xcconfig"; path = "Target Support Files/Pods-Unit1_Lecture_Demo-Unit1_Lecture_DemoUITests/Pods-Unit1_Lecture_Demo-Unit1_Lecture_DemoUITests.debug.xcconfig"; sourceTree = "<group>"; };
		A2623F078ABC2C7382A4757A /* Pods_Unit1_Lecture_DemoTests.framework */ = {isa = PBXFileReference; explicitFileType = wrapper.framework; includeInIndex = 0; path = Pods_Unit1_Lecture_DemoTests.framework; sourceTree = BUILT_PRODUCTS_DIR; };
		B0DF92DB2525EC67CCD5BBFB /* Pods-Unit1_Lecture_DemoTests.release.xcconfig */ = {isa = PBXFileReference; includeInIndex = 1; lastKnownFileType = text.xcconfig; name = "Pods-Unit1_Lecture_DemoTests.release.xcconfig"; path = "Target Support Files/Pods-Unit1_Lecture_DemoTests/Pods-Unit1_Lecture_DemoTests.release.xcconfig"; sourceTree = "<group>"; };
		B71EFA19210809670C5F163A /* Pods-Unit1_Lecture_DemoTests.debug.xcconfig */ = {isa = PBXFileReference; includeInIndex = 1; lastKnownFileType = text.xcconfig; name = "Pods-Unit1_Lecture_DemoTests.debug.xcconfig"; path = "Target Support Files/Pods-Unit1_Lecture_DemoTests/Pods-Unit1_Lecture_DemoTests.debug.xcconfig"; sourceTree = "<group>"; };
/* End PBXFileReference section */

/* Begin PBXFrameworksBuildPhase section */
		2C4E862B28C7BBB5003179A0 /* Frameworks */ = {
			isa = PBXFrameworksBuildPhase;
			buildActionMask = 2147483647;
			files = (
				18A124E27138DBA3A524A780 /* Pods_Unit1_Lecture_Demo.framework in Frameworks */,
			);
			runOnlyForDeploymentPostprocessing = 0;
		};
		2C4E864128C7BBB8003179A0 /* Frameworks */ = {
			isa = PBXFrameworksBuildPhase;
			buildActionMask = 2147483647;
			files = (
				15FB72953F712C7EEA1C95EB /* Pods_Unit1_Lecture_DemoTests.framework in Frameworks */,
			);
			runOnlyForDeploymentPostprocessing = 0;
		};
		2C4E864B28C7BBB8003179A0 /* Frameworks */ = {
			isa = PBXFrameworksBuildPhase;
			buildActionMask = 2147483647;
			files = (
				7DD3FAE5C34914DD2E47409F /* Pods_Unit1_Lecture_Demo_Unit1_Lecture_DemoUITests.framework in Frameworks */,
			);
			runOnlyForDeploymentPostprocessing = 0;
		};
/* End PBXFrameworksBuildPhase section */

/* Begin PBXGroup section */
		2C4E862528C7BBB5003179A0 = {
			isa = PBXGroup;
			children = (
				2C4E863028C7BBB5003179A0 /* Unit1_Lecture_Demo */,
				2C4E864728C7BBB8003179A0 /* Unit1_Lecture_DemoTests */,
				2C4E865128C7BBB8003179A0 /* Unit1_Lecture_DemoUITests */,
				2C4E862F28C7BBB5003179A0 /* Products */,
				56B14F74904149B480F4C098 /* Pods */,
				77C350C44C7F7FDF2B2AE98F /* Frameworks */,
			);
			sourceTree = "<group>";
		};
		2C4E862F28C7BBB5003179A0 /* Products */ = {
			isa = PBXGroup;
			children = (
				2C4E862E28C7BBB5003179A0 /* Unit1_Lecture_Demo.app */,
				2C4E864428C7BBB8003179A0 /* Unit1_Lecture_DemoTests.xctest */,
				2C4E864E28C7BBB8003179A0 /* Unit1_Lecture_DemoUITests.xctest */,
			);
			name = Products;
			sourceTree = "<group>";
		};
		2C4E863028C7BBB5003179A0 /* Unit1_Lecture_Demo */ = {
			isa = PBXGroup;
			children = (
				2C4E866128C7C82C003179A0 /* UI Layer */,
				2C4E866428C7EE94003179A0 /* Data Layer */,
				2C4E863A28C7BBB8003179A0 /* Assets.xcassets */,
				2C4E863C28C7BBB8003179A0 /* LaunchScreen.storyboard */,
				2C4E863F28C7BBB8003179A0 /* Info.plist */,
			);
			path = Unit1_Lecture_Demo;
			sourceTree = "<group>";
		};
		2C4E864728C7BBB8003179A0 /* Unit1_Lecture_DemoTests */ = {
			isa = PBXGroup;
			children = (
				2C4E864828C7BBB8003179A0 /* Unit1_Lecture_DemoTests.swift */,
			);
			path = Unit1_Lecture_DemoTests;
			sourceTree = "<group>";
		};
		2C4E865128C7BBB8003179A0 /* Unit1_Lecture_DemoUITests */ = {
			isa = PBXGroup;
			children = (
				2C4E865228C7BBB8003179A0 /* Unit1_Lecture_DemoUITests.swift */,
				2C4E865428C7BBB8003179A0 /* Unit1_Lecture_DemoUITestsLaunchTests.swift */,
			);
			path = Unit1_Lecture_DemoUITests;
			sourceTree = "<group>";
		};
		2C4E866128C7C82C003179A0 /* UI Layer */ = {
			isa = PBXGroup;
			children = (
				2C4E863728C7BBB5003179A0 /* Main.storyboard */,
				2C4E866228C7C845003179A0 /* MovieCell.swift */,
				2C4E863128C7BBB5003179A0 /* AppDelegate.swift */,
				2C4E863328C7BBB5003179A0 /* SceneDelegate.swift */,
				2C4E863528C7BBB5003179A0 /* ViewController.swift */,
				2C3DA7FF28D15B5700BDD460 /* DetailViewController.swift */,
			);
			path = "UI Layer";
			sourceTree = "<group>";
		};
		2C4E866428C7EE94003179A0 /* Data Layer */ = {
			isa = PBXGroup;
			children = (
				2C4E866628C7EEA9003179A0 /* Networking */,
				2C4E866528C7EEA3003179A0 /* Models */,
			);
			path = "Data Layer";
			sourceTree = "<group>";
		};
		2C4E866528C7EEA3003179A0 /* Models */ = {
			isa = PBXGroup;
			children = (
				2C4E866928C7F22D003179A0 /* Movie.swift */,
			);
			path = Models;
			sourceTree = "<group>";
		};
		2C4E866628C7EEA9003179A0 /* Networking */ = {
			isa = PBXGroup;
			children = (
				2C4E866728C7EEBD003179A0 /* MovieService.swift */,
			);
			path = Networking;
			sourceTree = "<group>";
		};
		56B14F74904149B480F4C098 /* Pods */ = {
			isa = PBXGroup;
			children = (
				18EAC25AF0F9BC7E012BC65C /* Pods-Unit1_Lecture_Demo.debug.xcconfig */,
				2EC1BA82919ED6E0C4207EEA /* Pods-Unit1_Lecture_Demo.release.xcconfig */,
				835C0DD680492A68E31ACEF7 /* Pods-Unit1_Lecture_Demo-Unit1_Lecture_DemoUITests.debug.xcconfig */,
				07BA5B81376BA91ACE2776CC /* Pods-Unit1_Lecture_Demo-Unit1_Lecture_DemoUITests.release.xcconfig */,
				B71EFA19210809670C5F163A /* Pods-Unit1_Lecture_DemoTests.debug.xcconfig */,
				B0DF92DB2525EC67CCD5BBFB /* Pods-Unit1_Lecture_DemoTests.release.xcconfig */,
			);
			path = Pods;
			sourceTree = "<group>";
		};
		77C350C44C7F7FDF2B2AE98F /* Frameworks */ = {
			isa = PBXGroup;
			children = (
				63543A26807C334E301DB16E /* Pods_Unit1_Lecture_Demo.framework */,
				1CDC3C5CED483E20A6C5DA37 /* Pods_Unit1_Lecture_Demo_Unit1_Lecture_DemoUITests.framework */,
				A2623F078ABC2C7382A4757A /* Pods_Unit1_Lecture_DemoTests.framework */,
			);
			name = Frameworks;
			sourceTree = "<group>";
		};
/* End PBXGroup section */

/* Begin PBXNativeTarget section */
		2C4E862D28C7BBB5003179A0 /* Unit1_Lecture_Demo */ = {
			isa = PBXNativeTarget;
			buildConfigurationList = 2C4E865828C7BBB8003179A0 /* Build configuration list for PBXNativeTarget "Unit1_Lecture_Demo" */;
			buildPhases = (
				FEA8BFDFA45A7E938948D262 /* [CP] Check Pods Manifest.lock */,
				2C4E862A28C7BBB5003179A0 /* Sources */,
				2C4E862B28C7BBB5003179A0 /* Frameworks */,
				2C4E862C28C7BBB5003179A0 /* Resources */,
				F67B05F735B0A9A6C3C96C57 /* [CP] Embed Pods Frameworks */,
			);
			buildRules = (
			);
			dependencies = (
			);
			name = Unit1_Lecture_Demo;
			productName = Unit1_Lecture_Demo;
			productReference = 2C4E862E28C7BBB5003179A0 /* Unit1_Lecture_Demo.app */;
			productType = "com.apple.product-type.application";
		};
		2C4E864328C7BBB8003179A0 /* Unit1_Lecture_DemoTests */ = {
			isa = PBXNativeTarget;
			buildConfigurationList = 2C4E865B28C7BBB8003179A0 /* Build configuration list for PBXNativeTarget "Unit1_Lecture_DemoTests" */;
			buildPhases = (
				F71C0B2BA6FB77A7D48A2D55 /* [CP] Check Pods Manifest.lock */,
				2C4E864028C7BBB8003179A0 /* Sources */,
				2C4E864128C7BBB8003179A0 /* Frameworks */,
				2C4E864228C7BBB8003179A0 /* Resources */,
			);
			buildRules = (
			);
			dependencies = (
				2C4E864628C7BBB8003179A0 /* PBXTargetDependency */,
			);
			name = Unit1_Lecture_DemoTests;
			productName = Unit1_Lecture_DemoTests;
			productReference = 2C4E864428C7BBB8003179A0 /* Unit1_Lecture_DemoTests.xctest */;
			productType = "com.apple.product-type.bundle.unit-test";
		};
		2C4E864D28C7BBB8003179A0 /* Unit1_Lecture_DemoUITests */ = {
			isa = PBXNativeTarget;
			buildConfigurationList = 2C4E865E28C7BBB8003179A0 /* Build configuration list for PBXNativeTarget "Unit1_Lecture_DemoUITests" */;
			buildPhases = (
				8D04F89F400BD6AFAE7B262C /* [CP] Check Pods Manifest.lock */,
				2C4E864A28C7BBB8003179A0 /* Sources */,
				2C4E864B28C7BBB8003179A0 /* Frameworks */,
				2C4E864C28C7BBB8003179A0 /* Resources */,
				DE03AA2469C557E1A21D4F00 /* [CP] Embed Pods Frameworks */,
			);
			buildRules = (
			);
			dependencies = (
				2C4E865028C7BBB8003179A0 /* PBXTargetDependency */,
			);
			name = Unit1_Lecture_DemoUITests;
			productName = Unit1_Lecture_DemoUITests;
			productReference = 2C4E864E28C7BBB8003179A0 /* Unit1_Lecture_DemoUITests.xctest */;
			productType = "com.apple.product-type.bundle.ui-testing";
		};
/* End PBXNativeTarget section */

/* Begin PBXProject section */
		2C4E862628C7BBB5003179A0 /* Project object */ = {
			isa = PBXProject;
			attributes = {
				BuildIndependentTargetsInParallel = 1;
				LastSwiftUpdateCheck = 1320;
				LastUpgradeCheck = 1320;
				TargetAttributes = {
					2C4E862D28C7BBB5003179A0 = {
						CreatedOnToolsVersion = 13.2.1;
					};
					2C4E864328C7BBB8003179A0 = {
						CreatedOnToolsVersion = 13.2.1;
						TestTargetID = 2C4E862D28C7BBB5003179A0;
					};
					2C4E864D28C7BBB8003179A0 = {
						CreatedOnToolsVersion = 13.2.1;
						TestTargetID = 2C4E862D28C7BBB5003179A0;
					};
				};
			};
			buildConfigurationList = 2C4E862928C7BBB5003179A0 /* Build configuration list for PBXProject "Unit1_Lecture_Demo" */;
			compatibilityVersion = "Xcode 13.0";
			developmentRegion = en;
			hasScannedForEncodings = 0;
			knownRegions = (
				en,
				Base,
			);
			mainGroup = 2C4E862528C7BBB5003179A0;
			productRefGroup = 2C4E862F28C7BBB5003179A0 /* Products */;
			projectDirPath = "";
			projectRoot = "";
			targets = (
				2C4E862D28C7BBB5003179A0 /* Unit1_Lecture_Demo */,
				2C4E864328C7BBB8003179A0 /* Unit1_Lecture_DemoTests */,
				2C4E864D28C7BBB8003179A0 /* Unit1_Lecture_DemoUITests */,
			);
		};
/* End PBXProject section */

/* Begin PBXResourcesBuildPhase section */
		2C4E862C28C7BBB5003179A0 /* Resources */ = {
			isa = PBXResourcesBuildPhase;
			buildActionMask = 2147483647;
			files = (
				2C4E863E28C7BBB8003179A0 /* LaunchScreen.storyboard in Resources */,
				2C4E863B28C7BBB8003179A0 /* Assets.xcassets in Resources */,
				2C4E863928C7BBB5003179A0 /* Main.storyboard in Resources */,
			);
			runOnlyForDeploymentPostprocessing = 0;
		};
		2C4E864228C7BBB8003179A0 /* Resources */ = {
			isa = PBXResourcesBuildPhase;
			buildActionMask = 2147483647;
			files = (
			);
			runOnlyForDeploymentPostprocessing = 0;
		};
		2C4E864C28C7BBB8003179A0 /* Resources */ = {
			isa = PBXResourcesBuildPhase;
			buildActionMask = 2147483647;
			files = (
			);
			runOnlyForDeploymentPostprocessing = 0;
		};
/* End PBXResourcesBuildPhase section */

/* Begin PBXShellScriptBuildPhase section */
		8D04F89F400BD6AFAE7B262C /* [CP] Check Pods Manifest.lock */ = {
			isa = PBXShellScriptBuildPhase;
			buildActionMask = 2147483647;
			files = (
			);
			inputFileListPaths = (
			);
			inputPaths = (
				"${PODS_PODFILE_DIR_PATH}/Podfile.lock",
				"${PODS_ROOT}/Manifest.lock",
			);
			name = "[CP] Check Pods Manifest.lock";
			outputFileListPaths = (
			);
			outputPaths = (
				"$(DERIVED_FILE_DIR)/Pods-Unit1_Lecture_Demo-Unit1_Lecture_DemoUITests-checkManifestLockResult.txt",
			);
			runOnlyForDeploymentPostprocessing = 0;
			shellPath = /bin/sh;
			shellScript = "diff \"${PODS_PODFILE_DIR_PATH}/Podfile.lock\" \"${PODS_ROOT}/Manifest.lock\" > /dev/null\nif [ $? != 0 ] ; then\n    # print error to STDERR\n    echo \"error: The sandbox is not in sync with the Podfile.lock. Run 'pod install' or update your CocoaPods installation.\" >&2\n    exit 1\nfi\n# This output is used by Xcode 'outputs' to avoid re-running this script phase.\necho \"SUCCESS\" > \"${SCRIPT_OUTPUT_FILE_0}\"\n";
			showEnvVarsInLog = 0;
		};
		DE03AA2469C557E1A21D4F00 /* [CP] Embed Pods Frameworks */ = {
			isa = PBXShellScriptBuildPhase;
			buildActionMask = 2147483647;
			files = (
			);
			inputFileListPaths = (
				"${PODS_ROOT}/Target Support Files/Pods-Unit1_Lecture_Demo-Unit1_Lecture_DemoUITests/Pods-Unit1_Lecture_Demo-Unit1_Lecture_DemoUITests-frameworks-${CONFIGURATION}-input-files.xcfilelist",
			);
			name = "[CP] Embed Pods Frameworks";
			outputFileListPaths = (
				"${PODS_ROOT}/Target Support Files/Pods-Unit1_Lecture_Demo-Unit1_Lecture_DemoUITests/Pods-Unit1_Lecture_Demo-Unit1_Lecture_DemoUITests-frameworks-${CONFIGURATION}-output-files.xcfilelist",
			);
			runOnlyForDeploymentPostprocessing = 0;
			shellPath = /bin/sh;
			shellScript = "\"${PODS_ROOT}/Target Support Files/Pods-Unit1_Lecture_Demo-Unit1_Lecture_DemoUITests/Pods-Unit1_Lecture_Demo-Unit1_Lecture_DemoUITests-frameworks.sh\"\n";
			showEnvVarsInLog = 0;
		};
		F67B05F735B0A9A6C3C96C57 /* [CP] Embed Pods Frameworks */ = {
			isa = PBXShellScriptBuildPhase;
			buildActionMask = 2147483647;
			files = (
			);
			inputFileListPaths = (
				"${PODS_ROOT}/Target Support Files/Pods-Unit1_Lecture_Demo/Pods-Unit1_Lecture_Demo-frameworks-${CONFIGURATION}-input-files.xcfilelist",
			);
			name = "[CP] Embed Pods Frameworks";
			outputFileListPaths = (
				"${PODS_ROOT}/Target Support Files/Pods-Unit1_Lecture_Demo/Pods-Unit1_Lecture_Demo-frameworks-${CONFIGURATION}-output-files.xcfilelist",
			);
			runOnlyForDeploymentPostprocessing = 0;
			shellPath = /bin/sh;
			shellScript = "\"${PODS_ROOT}/Target Support Files/Pods-Unit1_Lecture_Demo/Pods-Unit1_Lecture_Demo-frameworks.sh\"\n";
			showEnvVarsInLog = 0;
		};
		F71C0B2BA6FB77A7D48A2D55 /* [CP] Check Pods Manifest.lock */ = {
			isa = PBXShellScriptBuildPhase;
			buildActionMask = 2147483647;
			files = (
			);
			inputFileListPaths = (
			);
			inputPaths = (
				"${PODS_PODFILE_DIR_PATH}/Podfile.lock",
				"${PODS_ROOT}/Manifest.lock",
			);
			name = "[CP] Check Pods Manifest.lock";
			outputFileListPaths = (
			);
			outputPaths = (
				"$(DERIVED_FILE_DIR)/Pods-Unit1_Lecture_DemoTests-checkManifestLockResult.txt",
			);
			runOnlyForDeploymentPostprocessing = 0;
			shellPath = /bin/sh;
			shellScript = "diff \"${PODS_PODFILE_DIR_PATH}/Podfile.lock\" \"${PODS_ROOT}/Manifest.lock\" > /dev/null\nif [ $? != 0 ] ; then\n    # print error to STDERR\n    echo \"error: The sandbox is not in sync with the Podfile.lock. Run 'pod install' or update your CocoaPods installation.\" >&2\n    exit 1\nfi\n# This output is used by Xcode 'outputs' to avoid re-running this script phase.\necho \"SUCCESS\" > \"${SCRIPT_OUTPUT_FILE_0}\"\n";
			showEnvVarsInLog = 0;
		};
		FEA8BFDFA45A7E938948D262 /* [CP] Check Pods Manifest.lock */ = {
			isa = PBXShellScriptBuildPhase;
			buildActionMask = 2147483647;
			files = (
			);
			inputFileListPaths = (
			);
			inputPaths = (
				"${PODS_PODFILE_DIR_PATH}/Podfile.lock",
				"${PODS_ROOT}/Manifest.lock",
			);
			name = "[CP] Check Pods Manifest.lock";
			outputFileListPaths = (
			);
			outputPaths = (
				"$(DERIVED_FILE_DIR)/Pods-Unit1_Lecture_Demo-checkManifestLockResult.txt",
			);
			runOnlyForDeploymentPostprocessing = 0;
			shellPath = /bin/sh;
			shellScript = "diff \"${PODS_PODFILE_DIR_PATH}/Podfile.lock\" \"${PODS_ROOT}/Manifest.lock\" > /dev/null\nif [ $? != 0 ] ; then\n    # print error to STDERR\n    echo \"error: The sandbox is not in sync with the Podfile.lock. Run 'pod install' or update your CocoaPods installation.\" >&2\n    exit 1\nfi\n# This output is used by Xcode 'outputs' to avoid re-running this script phase.\necho \"SUCCESS\" > \"${SCRIPT_OUTPUT_FILE_0}\"\n";
			showEnvVarsInLog = 0;
		};
/* End PBXShellScriptBuildPhase section */

/* Begin PBXSourcesBuildPhase section */
		2C4E862A28C7BBB5003179A0 /* Sources */ = {
			isa = PBXSourcesBuildPhase;
			buildActionMask = 2147483647;
			files = (
				2C4E863628C7BBB5003179A0 /* ViewController.swift in Sources */,
				2C4E863228C7BBB5003179A0 /* AppDelegate.swift in Sources */,
				2C4E866A28C7F22D003179A0 /* Movie.swift in Sources */,
				2C4E866328C7C845003179A0 /* MovieCell.swift in Sources */,
				2C4E863428C7BBB5003179A0 /* SceneDelegate.swift in Sources */,
				2C4E866828C7EEBD003179A0 /* MovieService.swift in Sources */,
				2C3DA80028D15B5700BDD460 /* DetailViewController.swift in Sources */,
			);
			runOnlyForDeploymentPostprocessing = 0;
		};
		2C4E864028C7BBB8003179A0 /* Sources */ = {
			isa = PBXSourcesBuildPhase;
			buildActionMask = 2147483647;
			files = (
				2C4E864928C7BBB8003179A0 /* Unit1_Lecture_DemoTests.swift in Sources */,
			);
			runOnlyForDeploymentPostprocessing = 0;
		};
		2C4E864A28C7BBB8003179A0 /* Sources */ = {
			isa = PBXSourcesBuildPhase;
			buildActionMask = 2147483647;
			files = (
				2C4E865528C7BBB8003179A0 /* Unit1_Lecture_DemoUITestsLaunchTests.swift in Sources */,
				2C4E865328C7BBB8003179A0 /* Unit1_Lecture_DemoUITests.swift in Sources */,
			);
			runOnlyForDeploymentPostprocessing = 0;
		};
/* End PBXSourcesBuildPhase section */

/* Begin PBXTargetDependency section */
		2C4E864628C7BBB8003179A0 /* PBXTargetDependency */ = {
			isa = PBXTargetDependency;
			target = 2C4E862D28C7BBB5003179A0 /* Unit1_Lecture_Demo */;
			targetProxy = 2C4E864528C7BBB8003179A0 /* PBXContainerItemProxy */;
		};
		2C4E865028C7BBB8003179A0 /* PBXTargetDependency */ = {
			isa = PBXTargetDependency;
			target = 2C4E862D28C7BBB5003179A0 /* Unit1_Lecture_Demo */;
			targetProxy = 2C4E864F28C7BBB8003179A0 /* PBXContainerItemProxy */;
		};
/* End PBXTargetDependency section */

/* Begin PBXVariantGroup section */
		2C4E863728C7BBB5003179A0 /* Main.storyboard */ = {
			isa = PBXVariantGroup;
			children = (
				2C4E863828C7BBB5003179A0 /* Base */,
			);
			name = Main.storyboard;
			sourceTree = "<group>";
		};
		2C4E863C28C7BBB8003179A0 /* LaunchScreen.storyboard */ = {
			isa = PBXVariantGroup;
			children = (
				2C4E863D28C7BBB8003179A0 /* Base */,
			);
			name = LaunchScreen.storyboard;
			sourceTree = "<group>";
		};
/* End PBXVariantGroup section */

/* Begin XCBuildConfiguration section */
		2C4E865628C7BBB8003179A0 /* Debug */ = {
			isa = XCBuildConfiguration;
			buildSettings = {
				ALWAYS_SEARCH_USER_PATHS = NO;
				CLANG_ANALYZER_NONNULL = YES;
				CLANG_ANALYZER_NUMBER_OBJECT_CONVERSION = YES_AGGRESSIVE;
				CLANG_CXX_LANGUAGE_STANDARD = "gnu++17";
				CLANG_CXX_LIBRARY = "libc++";
				CLANG_ENABLE_MODULES = YES;
				CLANG_ENABLE_OBJC_ARC = YES;
				CLANG_ENABLE_OBJC_WEAK = YES;
				CLANG_WARN_BLOCK_CAPTURE_AUTORELEASING = YES;
				CLANG_WARN_BOOL_CONVERSION = YES;
				CLANG_WARN_COMMA = YES;
				CLANG_WARN_CONSTANT_CONVERSION = YES;
				CLANG_WARN_DEPRECATED_OBJC_IMPLEMENTATIONS = YES;
				CLANG_WARN_DIRECT_OBJC_ISA_USAGE = YES_ERROR;
				CLANG_WARN_DOCUMENTATION_COMMENTS = YES;
				CLANG_WARN_EMPTY_BODY = YES;
				CLANG_WARN_ENUM_CONVERSION = YES;
				CLANG_WARN_INFINITE_RECURSION = YES;
				CLANG_WARN_INT_CONVERSION = YES;
				CLANG_WARN_NON_LITERAL_NULL_CONVERSION = YES;
				CLANG_WARN_OBJC_IMPLICIT_RETAIN_SELF = YES;
				CLANG_WARN_OBJC_LITERAL_CONVERSION = YES;
				CLANG_WARN_OBJC_ROOT_CLASS = YES_ERROR;
				CLANG_WARN_QUOTED_INCLUDE_IN_FRAMEWORK_HEADER = YES;
				CLANG_WARN_RANGE_LOOP_ANALYSIS = YES;
				CLANG_WARN_STRICT_PROTOTYPES = YES;
				CLANG_WARN_SUSPICIOUS_MOVE = YES;
				CLANG_WARN_UNGUARDED_AVAILABILITY = YES_AGGRESSIVE;
				CLANG_WARN_UNREACHABLE_CODE = YES;
				CLANG_WARN__DUPLICATE_METHOD_MATCH = YES;
				COPY_PHASE_STRIP = NO;
				DEBUG_INFORMATION_FORMAT = dwarf;
				ENABLE_STRICT_OBJC_MSGSEND = YES;
				ENABLE_TESTABILITY = YES;
				GCC_C_LANGUAGE_STANDARD = gnu11;
				GCC_DYNAMIC_NO_PIC = NO;
				GCC_NO_COMMON_BLOCKS = YES;
				GCC_OPTIMIZATION_LEVEL = 0;
				GCC_PREPROCESSOR_DEFINITIONS = (
					"DEBUG=1",
					"$(inherited)",
				);
				GCC_WARN_64_TO_32_BIT_CONVERSION = YES;
				GCC_WARN_ABOUT_RETURN_TYPE = YES_ERROR;
				GCC_WARN_UNDECLARED_SELECTOR = YES;
				GCC_WARN_UNINITIALIZED_AUTOS = YES_AGGRESSIVE;
				GCC_WARN_UNUSED_FUNCTION = YES;
				GCC_WARN_UNUSED_VARIABLE = YES;
				IPHONEOS_DEPLOYMENT_TARGET = 15.2;
				MTL_ENABLE_DEBUG_INFO = INCLUDE_SOURCE;
				MTL_FAST_MATH = YES;
				ONLY_ACTIVE_ARCH = YES;
				SDKROOT = iphoneos;
				SWIFT_ACTIVE_COMPILATION_CONDITIONS = DEBUG;
				SWIFT_OPTIMIZATION_LEVEL = "-Onone";
			};
			name = Debug;
		};
		2C4E865728C7BBB8003179A0 /* Release */ = {
			isa = XCBuildConfiguration;
			buildSettings = {
				ALWAYS_SEARCH_USER_PATHS = NO;
				CLANG_ANALYZER_NONNULL = YES;
				CLANG_ANALYZER_NUMBER_OBJECT_CONVERSION = YES_AGGRESSIVE;
				CLANG_CXX_LANGUAGE_STANDARD = "gnu++17";
				CLANG_CXX_LIBRARY = "libc++";
				CLANG_ENABLE_MODULES = YES;
				CLANG_ENABLE_OBJC_ARC = YES;
				CLANG_ENABLE_OBJC_WEAK = YES;
				CLANG_WARN_BLOCK_CAPTURE_AUTORELEASING = YES;
				CLANG_WARN_BOOL_CONVERSION = YES;
				CLANG_WARN_COMMA = YES;
				CLANG_WARN_CONSTANT_CONVERSION = YES;
				CLANG_WARN_DEPRECATED_OBJC_IMPLEMENTATIONS = YES;
				CLANG_WARN_DIRECT_OBJC_ISA_USAGE = YES_ERROR;
				CLANG_WARN_DOCUMENTATION_COMMENTS = YES;
				CLANG_WARN_EMPTY_BODY = YES;
				CLANG_WARN_ENUM_CONVERSION = YES;
				CLANG_WARN_INFINITE_RECURSION = YES;
				CLANG_WARN_INT_CONVERSION = YES;
				CLANG_WARN_NON_LITERAL_NULL_CONVERSION = YES;
				CLANG_WARN_OBJC_IMPLICIT_RETAIN_SELF = YES;
				CLANG_WARN_OBJC_LITERAL_CONVERSION = YES;
				CLANG_WARN_OBJC_ROOT_CLASS = YES_ERROR;
				CLANG_WARN_QUOTED_INCLUDE_IN_FRAMEWORK_HEADER = YES;
				CLANG_WARN_RANGE_LOOP_ANALYSIS = YES;
				CLANG_WARN_STRICT_PROTOTYPES = YES;
				CLANG_WARN_SUSPICIOUS_MOVE = YES;
				CLANG_WARN_UNGUARDED_AVAILABILITY = YES_AGGRESSIVE;
				CLANG_WARN_UNREACHABLE_CODE = YES;
				CLANG_WARN__DUPLICATE_METHOD_MATCH = YES;
				COPY_PHASE_STRIP = NO;
				DEBUG_INFORMATION_FORMAT = "dwarf-with-dsym";
				ENABLE_NS_ASSERTIONS = NO;
				ENABLE_STRICT_OBJC_MSGSEND = YES;
				GCC_C_LANGUAGE_STANDARD = gnu11;
				GCC_NO_COMMON_BLOCKS = YES;
				GCC_WARN_64_TO_32_BIT_CONVERSION = YES;
				GCC_WARN_ABOUT_RETURN_TYPE = YES_ERROR;
				GCC_WARN_UNDECLARED_SELECTOR = YES;
				GCC_WARN_UNINITIALIZED_AUTOS = YES_AGGRESSIVE;
				GCC_WARN_UNUSED_FUNCTION = YES;
				GCC_WARN_UNUSED_VARIABLE = YES;
				IPHONEOS_DEPLOYMENT_TARGET = 15.2;
				MTL_ENABLE_DEBUG_INFO = NO;
				MTL_FAST_MATH = YES;
				SDKROOT = iphoneos;
				SWIFT_COMPILATION_MODE = wholemodule;
				SWIFT_OPTIMIZATION_LEVEL = "-O";
				VALIDATE_PRODUCT = YES;
			};
			name = Release;
		};
		2C4E865928C7BBB8003179A0 /* Debug */ = {
			isa = XCBuildConfiguration;
			baseConfigurationReference = 18EAC25AF0F9BC7E012BC65C /* Pods-Unit1_Lecture_Demo.debug.xcconfig */;
			buildSettings = {
				ASSETCATALOG_COMPILER_APPICON_NAME = AppIcon;
				ASSETCATALOG_COMPILER_GLOBAL_ACCENT_COLOR_NAME = AccentColor;
				CODE_SIGN_STYLE = Automatic;
				CURRENT_PROJECT_VERSION = 1;
				GENERATE_INFOPLIST_FILE = YES;
				INFOPLIST_FILE = Unit1_Lecture_Demo/Info.plist;
				INFOPLIST_KEY_UIApplicationSupportsIndirectInputEvents = YES;
				INFOPLIST_KEY_UILaunchStoryboardName = LaunchScreen;
				INFOPLIST_KEY_UIMainStoryboardFile = Main;
				INFOPLIST_KEY_UISupportedInterfaceOrientations_iPad = "UIInterfaceOrientationPortrait UIInterfaceOrientationPortraitUpsideDown UIInterfaceOrientationLandscapeLeft UIInterfaceOrientationLandscapeRight";
				INFOPLIST_KEY_UISupportedInterfaceOrientations_iPhone = "UIInterfaceOrientationPortrait UIInterfaceOrientationLandscapeLeft UIInterfaceOrientationLandscapeRight";
				LD_RUNPATH_SEARCH_PATHS = (
					"$(inherited)",
					"@executable_path/Frameworks",
				);
				MARKETING_VERSION = 1.0;
				PRODUCT_BUNDLE_IDENTIFIER = "rolanmarat.Unit1-Lecture-Demo";
				PRODUCT_NAME = "$(TARGET_NAME)";
				SWIFT_EMIT_LOC_STRINGS = YES;
				SWIFT_VERSION = 5.0;
				TARGETED_DEVICE_FAMILY = "1,2";
			};
			name = Debug;
		};
		2C4E865A28C7BBB8003179A0 /* Release */ = {
			isa = XCBuildConfiguration;
			baseConfigurationReference = 2EC1BA82919ED6E0C4207EEA /* Pods-Unit1_Lecture_Demo.release.xcconfig */;
			buildSettings = {
				ASSETCATALOG_COMPILER_APPICON_NAME = AppIcon;
				ASSETCATALOG_COMPILER_GLOBAL_ACCENT_COLOR_NAME = AccentColor;
				CODE_SIGN_STYLE = Automatic;
				CURRENT_PROJECT_VERSION = 1;
				GENERATE_INFOPLIST_FILE = YES;
				INFOPLIST_FILE = Unit1_Lecture_Demo/Info.plist;
				INFOPLIST_KEY_UIApplicationSupportsIndirectInputEvents = YES;
				INFOPLIST_KEY_UILaunchStoryboardName = LaunchScreen;
				INFOPLIST_KEY_UIMainStoryboardFile = Main;
				INFOPLIST_KEY_UISupportedInterfaceOrientations_iPad = "UIInterfaceOrientationPortrait UIInterfaceOrientationPortraitUpsideDown UIInterfaceOrientationLandscapeLeft UIInterfaceOrientationLandscapeRight";
				INFOPLIST_KEY_UISupportedInterfaceOrientations_iPhone = "UIInterfaceOrientationPortrait UIInterfaceOrientationLandscapeLeft UIInterfaceOrientationLandscapeRight";
				LD_RUNPATH_SEARCH_PATHS = (
					"$(inherited)",
					"@executable_path/Frameworks",
				);
				MARKETING_VERSION = 1.0;
				PRODUCT_BUNDLE_IDENTIFIER = "rolanmarat.Unit1-Lecture-Demo";
				PRODUCT_NAME = "$(TARGET_NAME)";
				SWIFT_EMIT_LOC_STRINGS = YES;
				SWIFT_VERSION = 5.0;
				TARGETED_DEVICE_FAMILY = "1,2";
			};
			name = Release;
		};
		2C4E865C28C7BBB8003179A0 /* Debug */ = {
			isa = XCBuildConfiguration;
			baseConfigurationReference = B71EFA19210809670C5F163A /* Pods-Unit1_Lecture_DemoTests.debug.xcconfig */;
			buildSettings = {
				ALWAYS_EMBED_SWIFT_STANDARD_LIBRARIES = YES;
				BUNDLE_LOADER = "$(TEST_HOST)";
				CODE_SIGN_STYLE = Automatic;
				CURRENT_PROJECT_VERSION = 1;
				GENERATE_INFOPLIST_FILE = YES;
				IPHONEOS_DEPLOYMENT_TARGET = 15.2;
				MARKETING_VERSION = 1.0;
				PRODUCT_BUNDLE_IDENTIFIER = "rolanmarat.Unit1-Lecture-DemoTests";
				PRODUCT_NAME = "$(TARGET_NAME)";
				SWIFT_EMIT_LOC_STRINGS = NO;
				SWIFT_VERSION = 5.0;
				TARGETED_DEVICE_FAMILY = "1,2";
				TEST_HOST = "$(BUILT_PRODUCTS_DIR)/Unit1_Lecture_Demo.app/Unit1_Lecture_Demo";
			};
			name = Debug;
		};
		2C4E865D28C7BBB8003179A0 /* Release */ = {
			isa = XCBuildConfiguration;
			baseConfigurationReference = B0DF92DB2525EC67CCD5BBFB /* Pods-Unit1_Lecture_DemoTests.release.xcconfig */;
			buildSettings = {
				ALWAYS_EMBED_SWIFT_STANDARD_LIBRARIES = YES;
				BUNDLE_LOADER = "$(TEST_HOST)";
				CODE_SIGN_STYLE = Automatic;
				CURRENT_PROJECT_VERSION = 1;
				GENERATE_INFOPLIST_FILE = YES;
				IPHONEOS_DEPLOYMENT_TARGET = 15.2;
				MARKETING_VERSION = 1.0;
				PRODUCT_BUNDLE_IDENTIFIER = "rolanmarat.Unit1-Lecture-DemoTests";
				PRODUCT_NAME = "$(TARGET_NAME)";
				SWIFT_EMIT_LOC_STRINGS = NO;
				SWIFT_VERSION = 5.0;
				TARGETED_DEVICE_FAMILY = "1,2";
				TEST_HOST = "$(BUILT_PRODUCTS_DIR)/Unit1_Lecture_Demo.app/Unit1_Lecture_Demo";
			};
			name = Release;
		};
		2C4E865F28C7BBB8003179A0 /* Debug */ = {
			isa = XCBuildConfiguration;
			baseConfigurationReference = 835C0DD680492A68E31ACEF7 /* Pods-Unit1_Lecture_Demo-Unit1_Lecture_DemoUITests.debug.xcconfig */;
			buildSettings = {
				ALWAYS_EMBED_SWIFT_STANDARD_LIBRARIES = YES;
				CODE_SIGN_STYLE = Automatic;
				CURRENT_PROJECT_VERSION = 1;
				GENERATE_INFOPLIST_FILE = YES;
				MARKETING_VERSION = 1.0;
				PRODUCT_BUNDLE_IDENTIFIER = "rolanmarat.Unit1-Lecture-DemoUITests";
				PRODUCT_NAME = "$(TARGET_NAME)";
				SWIFT_EMIT_LOC_STRINGS = NO;
				SWIFT_VERSION = 5.0;
				TARGETED_DEVICE_FAMILY = "1,2";
				TEST_TARGET_NAME = Unit1_Lecture_Demo;
			};
			name = Debug;
		};
		2C4E866028C7BBB8003179A0 /* Release */ = {
			isa = XCBuildConfiguration;
			baseConfigurationReference = 07BA5B81376BA91ACE2776CC /* Pods-Unit1_Lecture_Demo-Unit1_Lecture_DemoUITests.release.xcconfig */;
			buildSettings = {
				ALWAYS_EMBED_SWIFT_STANDARD_LIBRARIES = YES;
				CODE_SIGN_STYLE = Automatic;
				CURRENT_PROJECT_VERSION = 1;
				GENERATE_INFOPLIST_FILE = YES;
				MARKETING_VERSION = 1.0;
				PRODUCT_BUNDLE_IDENTIFIER = "rolanmarat.Unit1-Lecture-DemoUITests";
				PRODUCT_NAME = "$(TARGET_NAME)";
				SWIFT_EMIT_LOC_STRINGS = NO;
				SWIFT_VERSION = 5.0;
				TARGETED_DEVICE_FAMILY = "1,2";
				TEST_TARGET_NAME = Unit1_Lecture_Demo;
			};
			name = Release;
		};
/* End XCBuildConfiguration section */

/* Begin XCConfigurationList section */
		2C4E862928C7BBB5003179A0 /* Build configuration list for PBXProject "Unit1_Lecture_Demo" */ = {
			isa = XCConfigurationList;
			buildConfigurations = (
				2C4E865628C7BBB8003179A0 /* Debug */,
				2C4E865728C7BBB8003179A0 /* Release */,
			);
			defaultConfigurationIsVisible = 0;
			defaultConfigurationName = Release;
		};
		2C4E865828C7BBB8003179A0 /* Build configuration list for PBXNativeTarget "Unit1_Lecture_Demo" */ = {
			isa = XCConfigurationList;
			buildConfigurations = (
				2C4E865928C7BBB8003179A0 /* Debug */,
				2C4E865A28C7BBB8003179A0 /* Release */,
			);
			defaultConfigurationIsVisible = 0;
			defaultConfigurationName = Release;
		};
		2C4E865B28C7BBB8003179A0 /* Build configuration list for PBXNativeTarget "Unit1_Lecture_DemoTests" */ = {
			isa = XCConfigurationList;
			buildConfigurations = (
				2C4E865C28C7BBB8003179A0 /* Debug */,
				2C4E865D28C7BBB8003179A0 /* Release */,
			);
			defaultConfigurationIsVisible = 0;
			defaultConfigurationName = Release;
		};
		2C4E865E28C7BBB8003179A0 /* Build configuration list for PBXNativeTarget "Unit1_Lecture_DemoUITests" */ = {
			isa = XCConfigurationList;
			buildConfigurations = (
				2C4E865F28C7BBB8003179A0 /* Debug */,
				2C4E866028C7BBB8003179A0 /* Release */,
			);
			defaultConfigurationIsVisible = 0;
			defaultConfigurationName = Release;
		};
/* End XCConfigurationList section */
	};
	rootObject = 2C4E862628C7BBB5003179A0 /* Project object */;
}
